
Microsoft Visual Studio Solution File, Format Version 12.00
# Visual Studio 15
VisualStudioVersion = 15.0.28010.2016
MinimumVisualStudioVersion = 10.0.40219.1
Project("{FAE04EC0-301F-11D3-BF4B-00C04F79EFBC}") = "BabysitterWageCalculator.Web", "BabysitterWageCalculator.Web\BabysitterWageCalculator.Web.csproj", "{B652FD26-6529-47E6-9671-9A3C44A65659}"
EndProject
Project("{FAE04EC0-301F-11D3-BF4B-00C04F79EFBC}") = "BabysitterWageCalculator.Web.Tests", "BabysitterWageCalculator.Web.Tests\BabysitterWageCalculator.Web.Tests.csproj", "{9B561860-24E4-4DD5-8E51-7107825E56F6}"
EndProject
Global
	GlobalSection(SolutionConfigurationPlatforms) = preSolution
		Debug|Any CPU = Debug|Any CPU
		Release|Any CPU = Release|Any CPU
	EndGlobalSection
	GlobalSection(ProjectConfigurationPlatforms) = postSolution
		{B652FD26-6529-47E6-9671-9A3C44A65659}.Debug|Any CPU.ActiveCfg = Debug|Any CPU
		{B652FD26-6529-47E6-9671-9A3C44A65659}.Debug|Any CPU.Build.0 = Debug|Any CPU
		{B652FD26-6529-47E6-9671-9A3C44A65659}.Release|Any CPU.ActiveCfg = Release|Any CPU
		{B652FD26-6529-47E6-9671-9A3C44A65659}.Release|Any CPU.Build.0 = Release|Any CPU
		{9B561860-24E4-4DD5-8E51-7107825E56F6}.Debug|Any CPU.ActiveCfg = Debug|Any CPU
		{9B561860-24E4-4DD5-8E51-7107825E56F6}.Debug|Any CPU.Build.0 = Debug|Any CPU
		{9B561860-24E4-4DD5-8E51-7107825E56F6}.Release|Any CPU.ActiveCfg = Release|Any CPU
		{9B561860-24E4-4DD5-8E51-7107825E56F6}.Release|Any CPU.Build.0 = Release|Any CPU
	EndGlobalSection
	GlobalSection(SolutionProperties) = preSolution
		HideSolutionNode = FALSE
	EndGlobalSection
	GlobalSection(ExtensibilityGlobals) = postSolution
		SolutionGuid = {C2911A74-98B6-4A89-8A81-0EE916CC555F}
	EndGlobalSection
EndGlobal
